
Microsoft Visual Studio Solution File, Format Version 12.00
# Visual Studio Version 16
VisualStudioVersion = 16.0.31424.327
MinimumVisualStudioVersion = 10.0.40219.1
Project("{FAE04EC0-301F-11D3-BF4B-00C04F79EFBC}") = "Cafe_Console", "Cafe.Console\Cafe_Console.csproj", "{01AA3EFA-8C97-4B21-B1CA-CD9EAA21A9F3}"
EndProject
Project("{FAE04EC0-301F-11D3-BF4B-00C04F79EFBC}") = "Cafe_Repository", "Console.Repository\Cafe_Repository.csproj", "{3E4A3EA9-146F-4EA6-A305-D85B10765458}"
EndProject
Project("{FAE04EC0-301F-11D3-BF4B-00C04F79EFBC}") = "Cafe_Models", "Cafe.Models\Cafe_Models.csproj", "{5BD58E88-555E-4956-836F-659D2996FD6E}"
EndProject
Project("{2150E333-8FDC-42A3-9474-1A3956D46DE8}") = "1. Cafe", "1. Cafe", "{14C55D68-922A-431E-ACF5-A0CA41CA1E36}"
EndProject
Project("{2150E333-8FDC-42A3-9474-1A3956D46DE8}") = "2. Claims", "2. Claims", "{DB808D26-4213-4EE4-8EE7-C76FA3C87AD6}"
EndProject
Project("{2150E333-8FDC-42A3-9474-1A3956D46DE8}") = "3. Badges", "3. Badges", "{26C65442-99D1-4DFD-BFE8-92138B30E3F0}"
EndProject
Project("{FAE04EC0-301F-11D3-BF4B-00C04F79EFBC}") = "Claims_Console", "Claims.Console\Claims_Console.csproj", "{9FD5D779-287F-49DD-AB71-A46E13DAA276}"
EndProject
Project("{FAE04EC0-301F-11D3-BF4B-00C04F79EFBC}") = "Claims_Models", "Claims.Models\Claims_Models.csproj", "{A355FBA2-94A2-4C5F-84B0-82DCEC3DF8DD}"
EndProject
Project("{FAE04EC0-301F-11D3-BF4B-00C04F79EFBC}") = "Claims_Repository", "Claims.Repository\Claims_Repository.csproj", "{17DF57EA-FC48-4C31-8926-B0D11D2AB9B5}"
EndProject
Project("{FAE04EC0-301F-11D3-BF4B-00C04F79EFBC}") = "Badges_Console", "Badges.Console\Badges_Console.csproj", "{1710B182-5178-4996-B8EF-2D5217CC1C3C}"
EndProject
Project("{FAE04EC0-301F-11D3-BF4B-00C04F79EFBC}") = "Badges_Models", "Badges.Models\Badges_Models.csproj", "{54B28610-47CB-4743-8BF8-89C07A7BD40A}"
EndProject
Project("{FAE04EC0-301F-11D3-BF4B-00C04F79EFBC}") = "Badges_Repository", "Badges.Repository\Badges_Repository.csproj", "{C93D0777-B37A-4C0A-8CD3-3003F2476745}"
EndProject
Project("{FAE04EC0-301F-11D3-BF4B-00C04F79EFBC}") = "Cafe_Test", "Cafe.Test\Cafe_Test.csproj", "{D746705B-72AB-4682-90FC-3ECC5A3F4768}"
EndProject
Project("{FAE04EC0-301F-11D3-BF4B-00C04F79EFBC}") = "Claims_Test", "Claims_Test\Claims_Test.csproj", "{2E055FC8-5C1D-4F42-B05F-156F8F6B6507}"
EndProject
Project("{FAE04EC0-301F-11D3-BF4B-00C04F79EFBC}") = "Badge_Test", "BadgeRepoTest\Badge_Test.csproj", "{B9D15337-645A-45A6-B2FD-A91D69792E5B}"
EndProject
Global
	GlobalSection(SolutionConfigurationPlatforms) = preSolution
		Debug|Any CPU = Debug|Any CPU
		Release|Any CPU = Release|Any CPU
	EndGlobalSection
	GlobalSection(ProjectConfigurationPlatforms) = postSolution
		{01AA3EFA-8C97-4B21-B1CA-CD9EAA21A9F3}.Debug|Any CPU.ActiveCfg = Debug|Any CPU
		{01AA3EFA-8C97-4B21-B1CA-CD9EAA21A9F3}.Debug|Any CPU.Build.0 = Debug|Any CPU
		{01AA3EFA-8C97-4B21-B1CA-CD9EAA21A9F3}.Release|Any CPU.ActiveCfg = Release|Any CPU
		{01AA3EFA-8C97-4B21-B1CA-CD9EAA21A9F3}.Release|Any CPU.Build.0 = Release|Any CPU
		{3E4A3EA9-146F-4EA6-A305-D85B10765458}.Debug|Any CPU.ActiveCfg = Debug|Any CPU
		{3E4A3EA9-146F-4EA6-A305-D85B10765458}.Debug|Any CPU.Build.0 = Debug|Any CPU
		{3E4A3EA9-146F-4EA6-A305-D85B10765458}.Release|Any CPU.ActiveCfg = Release|Any CPU
		{3E4A3EA9-146F-4EA6-A305-D85B10765458}.Release|Any CPU.Build.0 = Release|Any CPU
		{5BD58E88-555E-4956-836F-659D2996FD6E}.Debug|Any CPU.ActiveCfg = Debug|Any CPU
		{5BD58E88-555E-4956-836F-659D2996FD6E}.Debug|Any CPU.Build.0 = Debug|Any CPU
		{5BD58E88-555E-4956-836F-659D2996FD6E}.Release|Any CPU.ActiveCfg = Release|Any CPU
		{5BD58E88-555E-4956-836F-659D2996FD6E}.Release|Any CPU.Build.0 = Release|Any CPU
		{9FD5D779-287F-49DD-AB71-A46E13DAA276}.Debug|Any CPU.ActiveCfg = Debug|Any CPU
		{9FD5D779-287F-49DD-AB71-A46E13DAA276}.Debug|Any CPU.Build.0 = Debug|Any CPU
		{9FD5D779-287F-49DD-AB71-A46E13DAA276}.Release|Any CPU.ActiveCfg = Release|Any CPU
		{9FD5D779-287F-49DD-AB71-A46E13DAA276}.Release|Any CPU.Build.0 = Release|Any CPU
		{A355FBA2-94A2-4C5F-84B0-82DCEC3DF8DD}.Debug|Any CPU.ActiveCfg = Debug|Any CPU
		{A355FBA2-94A2-4C5F-84B0-82DCEC3DF8DD}.Debug|Any CPU.Build.0 = Debug|Any CPU
		{A355FBA2-94A2-4C5F-84B0-82DCEC3DF8DD}.Release|Any CPU.ActiveCfg = Release|Any CPU
		{A355FBA2-94A2-4C5F-84B0-82DCEC3DF8DD}.Release|Any CPU.Build.0 = Release|Any CPU
		{17DF57EA-FC48-4C31-8926-B0D11D2AB9B5}.Debug|Any CPU.ActiveCfg = Debug|Any CPU
		{17DF57EA-FC48-4C31-8926-B0D11D2AB9B5}.Debug|Any CPU.Build.0 = Debug|Any CPU
		{17DF57EA-FC48-4C31-8926-B0D11D2AB9B5}.Release|Any CPU.ActiveCfg = Release|Any CPU
		{17DF57EA-FC48-4C31-8926-B0D11D2AB9B5}.Release|Any CPU.Build.0 = Release|Any CPU
		{1710B182-5178-4996-B8EF-2D5217CC1C3C}.Debug|Any CPU.ActiveCfg = Debug|Any CPU
		{1710B182-5178-4996-B8EF-2D5217CC1C3C}.Debug|Any CPU.Build.0 = Debug|Any CPU
		{1710B182-5178-4996-B8EF-2D5217CC1C3C}.Release|Any CPU.ActiveCfg = Release|Any CPU
		{1710B182-5178-4996-B8EF-2D5217CC1C3C}.Release|Any CPU.Build.0 = Release|Any CPU
		{54B28610-47CB-4743-8BF8-89C07A7BD40A}.Debug|Any CPU.ActiveCfg = Debug|Any CPU
		{54B28610-47CB-4743-8BF8-89C07A7BD40A}.Debug|Any CPU.Build.0 = Debug|Any CPU
		{54B28610-47CB-4743-8BF8-89C07A7BD40A}.Release|Any CPU.ActiveCfg = Release|Any CPU
		{54B28610-47CB-4743-8BF8-89C07A7BD40A}.Release|Any CPU.Build.0 = Release|Any CPU
		{C93D0777-B37A-4C0A-8CD3-3003F2476745}.Debug|Any CPU.ActiveCfg = Debug|Any CPU
		{C93D0777-B37A-4C0A-8CD3-3003F2476745}.Debug|Any CPU.Build.0 = Debug|Any CPU
		{C93D0777-B37A-4C0A-8CD3-3003F2476745}.Release|Any CPU.ActiveCfg = Release|Any CPU
		{C93D0777-B37A-4C0A-8CD3-3003F2476745}.Release|Any CPU.Build.0 = Release|Any CPU
		{D746705B-72AB-4682-90FC-3ECC5A3F4768}.Debug|Any CPU.ActiveCfg = Debug|Any CPU
		{D746705B-72AB-4682-90FC-3ECC5A3F4768}.Debug|Any CPU.Build.0 = Debug|Any CPU
		{D746705B-72AB-4682-90FC-3ECC5A3F4768}.Release|Any CPU.ActiveCfg = Release|Any CPU
		{D746705B-72AB-4682-90FC-3ECC5A3F4768}.Release|Any CPU.Build.0 = Release|Any CPU
		{2E055FC8-5C1D-4F42-B05F-156F8F6B6507}.Debug|Any CPU.ActiveCfg = Debug|Any CPU
		{2E055FC8-5C1D-4F42-B05F-156F8F6B6507}.Debug|Any CPU.Build.0 = Debug|Any CPU
		{2E055FC8-5C1D-4F42-B05F-156F8F6B6507}.Release|Any CPU.ActiveCfg = Release|Any CPU
		{2E055FC8-5C1D-4F42-B05F-156F8F6B6507}.Release|Any CPU.Build.0 = Release|Any CPU
		{B9D15337-645A-45A6-B2FD-A91D69792E5B}.Debug|Any CPU.ActiveCfg = Debug|Any CPU
		{B9D15337-645A-45A6-B2FD-A91D69792E5B}.Debug|Any CPU.Build.0 = Debug|Any CPU
		{B9D15337-645A-45A6-B2FD-A91D69792E5B}.Release|Any CPU.ActiveCfg = Release|Any CPU
		{B9D15337-645A-45A6-B2FD-A91D69792E5B}.Release|Any CPU.Build.0 = Release|Any CPU
	EndGlobalSection
	GlobalSection(SolutionProperties) = preSolution
		HideSolutionNode = FALSE
	EndGlobalSection
	GlobalSection(NestedProjects) = preSolution
		{01AA3EFA-8C97-4B21-B1CA-CD9EAA21A9F3} = {14C55D68-922A-431E-ACF5-A0CA41CA1E36}
		{3E4A3EA9-146F-4EA6-A305-D85B10765458} = {14C55D68-922A-431E-ACF5-A0CA41CA1E36}
		{5BD58E88-555E-4956-836F-659D2996FD6E} = {14C55D68-922A-431E-ACF5-A0CA41CA1E36}
		{9FD5D779-287F-49DD-AB71-A46E13DAA276} = {DB808D26-4213-4EE4-8EE7-C76FA3C87AD6}
		{A355FBA2-94A2-4C5F-84B0-82DCEC3DF8DD} = {DB808D26-4213-4EE4-8EE7-C76FA3C87AD6}
		{17DF57EA-FC48-4C31-8926-B0D11D2AB9B5} = {DB808D26-4213-4EE4-8EE7-C76FA3C87AD6}
		{1710B182-5178-4996-B8EF-2D5217CC1C3C} = {26C65442-99D1-4DFD-BFE8-92138B30E3F0}
		{54B28610-47CB-4743-8BF8-89C07A7BD40A} = {26C65442-99D1-4DFD-BFE8-92138B30E3F0}
		{C93D0777-B37A-4C0A-8CD3-3003F2476745} = {26C65442-99D1-4DFD-BFE8-92138B30E3F0}
		{D746705B-72AB-4682-90FC-3ECC5A3F4768} = {14C55D68-922A-431E-ACF5-A0CA41CA1E36}
		{2E055FC8-5C1D-4F42-B05F-156F8F6B6507} = {DB808D26-4213-4EE4-8EE7-C76FA3C87AD6}
		{B9D15337-645A-45A6-B2FD-A91D69792E5B} = {26C65442-99D1-4DFD-BFE8-92138B30E3F0}
	EndGlobalSection
	GlobalSection(ExtensibilityGlobals) = postSolution
		SolutionGuid = {4517BCB6-16B0-4AD0-959E-1BE66121F6ED}
	EndGlobalSection
EndGlobal
